
Microsoft Visual Studio Solution File, Format Version 12.00
# Visual Studio Version 16
VisualStudioVersion = 16.0.31321.278
MinimumVisualStudioVersion = 10.0.40219.1
Project("{2150E333-8FDC-42A3-9474-1A3956D46DE8}") = "Frontends", "Frontends", "{E7972E2E-7B17-4291-B37C-B65086E77549}"
EndProject
Project("{FAE04EC0-301F-11D3-BF4B-00C04F79EFBC}") = "Circle.Frontends.Web", "Frontends\Circle.Frontends.Web\Circle.Frontends.Web.csproj", "{0A3E3674-FEBD-49C0-B29C-15A575E86208}"
EndProject
Project("{2150E333-8FDC-42A3-9474-1A3956D46DE8}") = "Shared", "Shared", "{791571C8-DCEB-4481-A2F9-911A1B619432}"
EndProject
Project("{FAE04EC0-301F-11D3-BF4B-00C04F79EFBC}") = "Circle.Core", "Shared\Circle.Core\Circle.Core.csproj", "{233EE1D1-C018-440F-8081-7203C4D6F6B0}"
EndProject
Project("{2150E333-8FDC-42A3-9474-1A3956D46DE8}") = "Library", "Library", "{6ADBD3CE-417E-463C-BC06-8E0AA88FAFEE}"
EndProject
Project("{FAE04EC0-301F-11D3-BF4B-00C04F79EFBC}") = "Circle.Library.Business", "Library\Circle.Library.Business\Circle.Library.Business.csproj", "{6159641F-6689-4726-8D5B-1102A42FA5C6}"
EndProject
Project("{FAE04EC0-301F-11D3-BF4B-00C04F79EFBC}") = "Circle.Library.Entities", "Library\Circle.Library.Entities\Circle.Library.Entities.csproj", "{F17D8005-3178-43E3-BD7B-0C4426EB4244}"
EndProject
Project("{FAE04EC0-301F-11D3-BF4B-00C04F79EFBC}") = "Circle.Library.DataAccess", "Library\Circle.Library.DataAccess\Circle.Library.DataAccess.csproj", "{5AB1A96D-3536-42C9-9EAB-AD8B41317203}"
EndProject
Project("{FAE04EC0-301F-11D3-BF4B-00C04F79EFBC}") = "Circle.Library.Api", "Library\Circle.Library.Api\Circle.Library.Api.csproj", "{8E10D5FF-E68F-4E51-B6B4-392A0DB38E92}"
EndProject
Global
	GlobalSection(SolutionConfigurationPlatforms) = preSolution
		Debug|Any CPU = Debug|Any CPU
		Release|Any CPU = Release|Any CPU
	EndGlobalSection
	GlobalSection(ProjectConfigurationPlatforms) = postSolution
		{0A3E3674-FEBD-49C0-B29C-15A575E86208}.Debug|Any CPU.ActiveCfg = Debug|Any CPU
		{0A3E3674-FEBD-49C0-B29C-15A575E86208}.Debug|Any CPU.Build.0 = Debug|Any CPU
		{0A3E3674-FEBD-49C0-B29C-15A575E86208}.Release|Any CPU.ActiveCfg = Release|Any CPU
		{0A3E3674-FEBD-49C0-B29C-15A575E86208}.Release|Any CPU.Build.0 = Release|Any CPU
		{233EE1D1-C018-440F-8081-7203C4D6F6B0}.Debug|Any CPU.ActiveCfg = Debug|Any CPU
		{233EE1D1-C018-440F-8081-7203C4D6F6B0}.Debug|Any CPU.Build.0 = Debug|Any CPU
		{233EE1D1-C018-440F-8081-7203C4D6F6B0}.Release|Any CPU.ActiveCfg = Release|Any CPU
		{233EE1D1-C018-440F-8081-7203C4D6F6B0}.Release|Any CPU.Build.0 = Release|Any CPU
		{6159641F-6689-4726-8D5B-1102A42FA5C6}.Debug|Any CPU.ActiveCfg = Debug|Any CPU
		{6159641F-6689-4726-8D5B-1102A42FA5C6}.Debug|Any CPU.Build.0 = Debug|Any CPU
		{6159641F-6689-4726-8D5B-1102A42FA5C6}.Release|Any CPU.ActiveCfg = Release|Any CPU
		{6159641F-6689-4726-8D5B-1102A42FA5C6}.Release|Any CPU.Build.0 = Release|Any CPU
		{F17D8005-3178-43E3-BD7B-0C4426EB4244}.Debug|Any CPU.ActiveCfg = Debug|Any CPU
		{F17D8005-3178-43E3-BD7B-0C4426EB4244}.Debug|Any CPU.Build.0 = Debug|Any CPU
		{F17D8005-3178-43E3-BD7B-0C4426EB4244}.Release|Any CPU.ActiveCfg = Release|Any CPU
		{F17D8005-3178-43E3-BD7B-0C4426EB4244}.Release|Any CPU.Build.0 = Release|Any CPU
		{5AB1A96D-3536-42C9-9EAB-AD8B41317203}.Debug|Any CPU.ActiveCfg = Debug|Any CPU
		{5AB1A96D-3536-42C9-9EAB-AD8B41317203}.Debug|Any CPU.Build.0 = Debug|Any CPU
		{5AB1A96D-3536-42C9-9EAB-AD8B41317203}.Release|Any CPU.ActiveCfg = Release|Any CPU
		{5AB1A96D-3536-42C9-9EAB-AD8B41317203}.Release|Any CPU.Build.0 = Release|Any CPU
		{8E10D5FF-E68F-4E51-B6B4-392A0DB38E92}.Debug|Any CPU.ActiveCfg = Debug|Any CPU
		{8E10D5FF-E68F-4E51-B6B4-392A0DB38E92}.Debug|Any CPU.Build.0 = Debug|Any CPU
		{8E10D5FF-E68F-4E51-B6B4-392A0DB38E92}.Release|Any CPU.ActiveCfg = Release|Any CPU
		{8E10D5FF-E68F-4E51-B6B4-392A0DB38E92}.Release|Any CPU.Build.0 = Release|Any CPU
	EndGlobalSection
	GlobalSection(SolutionProperties) = preSolution
		HideSolutionNode = FALSE
	EndGlobalSection
	GlobalSection(NestedProjects) = preSolution
		{0A3E3674-FEBD-49C0-B29C-15A575E86208} = {E7972E2E-7B17-4291-B37C-B65086E77549}
		{233EE1D1-C018-440F-8081-7203C4D6F6B0} = {791571C8-DCEB-4481-A2F9-911A1B619432}
		{6159641F-6689-4726-8D5B-1102A42FA5C6} = {6ADBD3CE-417E-463C-BC06-8E0AA88FAFEE}
		{F17D8005-3178-43E3-BD7B-0C4426EB4244} = {6ADBD3CE-417E-463C-BC06-8E0AA88FAFEE}
		{5AB1A96D-3536-42C9-9EAB-AD8B41317203} = {6ADBD3CE-417E-463C-BC06-8E0AA88FAFEE}
		{8E10D5FF-E68F-4E51-B6B4-392A0DB38E92} = {6ADBD3CE-417E-463C-BC06-8E0AA88FAFEE}
	EndGlobalSection
	GlobalSection(ExtensibilityGlobals) = postSolution
		SolutionGuid = {A11044CF-3F3C-4482-B726-4E346FF9AEAD}
	EndGlobalSection
EndGlobal
